
Microsoft Visual Studio Solution File, Format Version 12.00
# Visual Studio Version 17
VisualStudioVersion = 17.2.32505.173
MinimumVisualStudioVersion = 10.0.40219.1
Project("{2150E333-8FDC-42A3-9474-1A3956D46DE8}") = "src", "src", "{64D75877-1552-4409-B558-1C9AEB6E68D4}"
EndProject
Project("{2150E333-8FDC-42A3-9474-1A3956D46DE8}") = "Contact", "Contact", "{FCBB5223-E5C1-42A2-935A-86B03C9AE9AC}"
EndProject
Project("{2150E333-8FDC-42A3-9474-1A3956D46DE8}") = "Api", "Api", "{5516595F-3D8C-4957-AA04-03CB1EBA7C70}"
EndProject
Project("{2150E333-8FDC-42A3-9474-1A3956D46DE8}") = "Core", "Core", "{C3D5BE28-C939-4578-9A2A-42EE727DC629}"
EndProject
Project("{2150E333-8FDC-42A3-9474-1A3956D46DE8}") = "Infrastructure", "Infrastructure", "{81A471FF-8A66-4CBD-80CE-C324C445C53F}"
EndProject
Project("{2150E333-8FDC-42A3-9474-1A3956D46DE8}") = "WebApi", "WebApi", "{73AE09E7-A98D-4ED9-80E1-8FF9E4953CB0}"
EndProject
Project("{2150E333-8FDC-42A3-9474-1A3956D46DE8}") = "Contact.Domain", "Contact.Domain", "{BF426981-CDE1-4801-8061-1178D0939222}"
EndProject
Project("{2150E333-8FDC-42A3-9474-1A3956D46DE8}") = "Contact.Application", "Contact.Application", "{AAB3CB5D-F7FE-48A9-B336-8194CCD24D04}"
EndProject
Project("{9A19103F-16F7-4668-BE54-9A1E7A4F7556}") = "Contact.Domain", "src\Contact\Api\Core\Contact.Domain\Contact.Domain\Contact.Domain.csproj", "{0741BCAA-4CCC-417F-A335-97B62C33588D}"
EndProject
Project("{9A19103F-16F7-4668-BE54-9A1E7A4F7556}") = "Contact.Application", "src\Contact\Api\Core\Contact.Application\Contact.Application\Contact.Application.csproj", "{5255FEC1-8F78-452E-908F-36687E9A228F}"
EndProject
Project("{2150E333-8FDC-42A3-9474-1A3956D46DE8}") = "Contact.Infrastructure.Persistence", "Contact.Infrastructure.Persistence", "{39164DA8-82A6-40C4-9EBD-0D4D65860D37}"
EndProject
Project("{9A19103F-16F7-4668-BE54-9A1E7A4F7556}") = "Contact.Infrastructure.Persistence", "src\Contact\Api\Infrastructure\Contact.Infrastructure.Persistence\Contact.Infrastructure.Persistence\Contact.Infrastructure.Persistence.csproj", "{E8E06B64-E760-434E-BD49-83CBD1EC7B26}"
EndProject
Project("{9A19103F-16F7-4668-BE54-9A1E7A4F7556}") = "Contact.API", "src\Contact\Api\WebApi\Contact.API\Contact.API.csproj", "{7A4C24D6-45F8-42FA-BB69-1FDE074D277A}"
EndProject
Project("{2150E333-8FDC-42A3-9474-1A3956D46DE8}") = "Report", "Report", "{25E74831-5FBC-4B31-B815-E524DD895FEC}"
EndProject
Project("{2150E333-8FDC-42A3-9474-1A3956D46DE8}") = "Api", "Api", "{6552FBDB-9A2A-4FE0-9A16-CB11E0A3A92F}"
EndProject
Project("{2150E333-8FDC-42A3-9474-1A3956D46DE8}") = "Core", "Core", "{E4A4321D-3EF4-480D-8F06-EB72BDFDB2D3}"
EndProject
Project("{2150E333-8FDC-42A3-9474-1A3956D46DE8}") = "Infrastructure", "Infrastructure", "{90163A7E-AD7E-4784-9D1D-0DEF9413D6DA}"
EndProject
Project("{2150E333-8FDC-42A3-9474-1A3956D46DE8}") = "WebApi", "WebApi", "{29F50D96-06D6-4A46-B0EB-E9EBFE3FC14B}"
EndProject
Project("{9A19103F-16F7-4668-BE54-9A1E7A4F7556}") = "Report.Domain", "src\Report\Api\Core\Report.Core.Domain\Report.Domain\Report.Domain.csproj", "{B4031D23-A1A4-4E65-B40F-455FD1967BFF}"
EndProject
Project("{9A19103F-16F7-4668-BE54-9A1E7A4F7556}") = "Report.Application", "src\Report\Api\Core\Report.Core.Application\Report.Application\Report.Application.csproj", "{38FA00A5-5129-4316-902C-71E81B7CEF3B}"
EndProject
Project("{9A19103F-16F7-4668-BE54-9A1E7A4F7556}") = "Report.Infrastructure.Persistence", "src\Report\Api\Infrastructure\Report.Infrastructure.Persistence\Report.Infrastructure.Persistence.csproj", "{348A1BC1-11E0-4BB4-B15C-3E20A84B852B}"
EndProject
Project("{9A19103F-16F7-4668-BE54-9A1E7A4F7556}") = "Report.API", "src\Report\Api\WebApi\Report.API\Report.API.csproj", "{1CBC9666-3E84-4AC6-9689-09EFFF3FCFCF}"
EndProject
Project("{2150E333-8FDC-42A3-9474-1A3956D46DE8}") = "Common", "Common", "{F8CB180D-B8BF-449B-B0E6-315A439AF9F5}"
EndProject
Project("{9A19103F-16F7-4668-BE54-9A1E7A4F7556}") = "PhoneDict.Common", "src\Common\PhoneDict.Common\PhoneDict.Common.csproj", "{4FB7ADAB-9E0D-4F84-9A66-3DD9F2F86289}"
EndProject
Global
	GlobalSection(SolutionConfigurationPlatforms) = preSolution
		Debug|Any CPU = Debug|Any CPU
		Release|Any CPU = Release|Any CPU
	EndGlobalSection
	GlobalSection(ProjectConfigurationPlatforms) = postSolution
		{0741BCAA-4CCC-417F-A335-97B62C33588D}.Debug|Any CPU.ActiveCfg = Debug|Any CPU
		{0741BCAA-4CCC-417F-A335-97B62C33588D}.Debug|Any CPU.Build.0 = Debug|Any CPU
		{0741BCAA-4CCC-417F-A335-97B62C33588D}.Release|Any CPU.ActiveCfg = Release|Any CPU
		{0741BCAA-4CCC-417F-A335-97B62C33588D}.Release|Any CPU.Build.0 = Release|Any CPU
		{5255FEC1-8F78-452E-908F-36687E9A228F}.Debug|Any CPU.ActiveCfg = Debug|Any CPU
		{5255FEC1-8F78-452E-908F-36687E9A228F}.Debug|Any CPU.Build.0 = Debug|Any CPU
		{5255FEC1-8F78-452E-908F-36687E9A228F}.Release|Any CPU.ActiveCfg = Release|Any CPU
		{5255FEC1-8F78-452E-908F-36687E9A228F}.Release|Any CPU.Build.0 = Release|Any CPU
		{E8E06B64-E760-434E-BD49-83CBD1EC7B26}.Debug|Any CPU.ActiveCfg = Debug|Any CPU
		{E8E06B64-E760-434E-BD49-83CBD1EC7B26}.Debug|Any CPU.Build.0 = Debug|Any CPU
		{E8E06B64-E760-434E-BD49-83CBD1EC7B26}.Release|Any CPU.ActiveCfg = Release|Any CPU
		{E8E06B64-E760-434E-BD49-83CBD1EC7B26}.Release|Any CPU.Build.0 = Release|Any CPU
		{7A4C24D6-45F8-42FA-BB69-1FDE074D277A}.Debug|Any CPU.ActiveCfg = Debug|Any CPU
		{7A4C24D6-45F8-42FA-BB69-1FDE074D277A}.Debug|Any CPU.Build.0 = Debug|Any CPU
		{7A4C24D6-45F8-42FA-BB69-1FDE074D277A}.Release|Any CPU.ActiveCfg = Release|Any CPU
		{7A4C24D6-45F8-42FA-BB69-1FDE074D277A}.Release|Any CPU.Build.0 = Release|Any CPU
		{B4031D23-A1A4-4E65-B40F-455FD1967BFF}.Debug|Any CPU.ActiveCfg = Debug|Any CPU
		{B4031D23-A1A4-4E65-B40F-455FD1967BFF}.Debug|Any CPU.Build.0 = Debug|Any CPU
		{B4031D23-A1A4-4E65-B40F-455FD1967BFF}.Release|Any CPU.ActiveCfg = Release|Any CPU
		{B4031D23-A1A4-4E65-B40F-455FD1967BFF}.Release|Any CPU.Build.0 = Release|Any CPU
		{38FA00A5-5129-4316-902C-71E81B7CEF3B}.Debug|Any CPU.ActiveCfg = Debug|Any CPU
		{38FA00A5-5129-4316-902C-71E81B7CEF3B}.Debug|Any CPU.Build.0 = Debug|Any CPU
		{38FA00A5-5129-4316-902C-71E81B7CEF3B}.Release|Any CPU.ActiveCfg = Release|Any CPU
		{38FA00A5-5129-4316-902C-71E81B7CEF3B}.Release|Any CPU.Build.0 = Release|Any CPU
		{348A1BC1-11E0-4BB4-B15C-3E20A84B852B}.Debug|Any CPU.ActiveCfg = Debug|Any CPU
		{348A1BC1-11E0-4BB4-B15C-3E20A84B852B}.Debug|Any CPU.Build.0 = Debug|Any CPU
		{348A1BC1-11E0-4BB4-B15C-3E20A84B852B}.Release|Any CPU.ActiveCfg = Release|Any CPU
		{348A1BC1-11E0-4BB4-B15C-3E20A84B852B}.Release|Any CPU.Build.0 = Release|Any CPU
		{1CBC9666-3E84-4AC6-9689-09EFFF3FCFCF}.Debug|Any CPU.ActiveCfg = Debug|Any CPU
		{1CBC9666-3E84-4AC6-9689-09EFFF3FCFCF}.Debug|Any CPU.Build.0 = Debug|Any CPU
		{1CBC9666-3E84-4AC6-9689-09EFFF3FCFCF}.Release|Any CPU.ActiveCfg = Release|Any CPU
		{1CBC9666-3E84-4AC6-9689-09EFFF3FCFCF}.Release|Any CPU.Build.0 = Release|Any CPU
		{4FB7ADAB-9E0D-4F84-9A66-3DD9F2F86289}.Debug|Any CPU.ActiveCfg = Debug|Any CPU
		{4FB7ADAB-9E0D-4F84-9A66-3DD9F2F86289}.Debug|Any CPU.Build.0 = Debug|Any CPU
		{4FB7ADAB-9E0D-4F84-9A66-3DD9F2F86289}.Release|Any CPU.ActiveCfg = Release|Any CPU
		{4FB7ADAB-9E0D-4F84-9A66-3DD9F2F86289}.Release|Any CPU.Build.0 = Release|Any CPU
	EndGlobalSection
	GlobalSection(SolutionProperties) = preSolution
		HideSolutionNode = FALSE
	EndGlobalSection
	GlobalSection(NestedProjects) = preSolution
		{FCBB5223-E5C1-42A2-935A-86B03C9AE9AC} = {64D75877-1552-4409-B558-1C9AEB6E68D4}
		{5516595F-3D8C-4957-AA04-03CB1EBA7C70} = {FCBB5223-E5C1-42A2-935A-86B03C9AE9AC}
		{C3D5BE28-C939-4578-9A2A-42EE727DC629} = {5516595F-3D8C-4957-AA04-03CB1EBA7C70}
		{81A471FF-8A66-4CBD-80CE-C324C445C53F} = {5516595F-3D8C-4957-AA04-03CB1EBA7C70}
		{73AE09E7-A98D-4ED9-80E1-8FF9E4953CB0} = {5516595F-3D8C-4957-AA04-03CB1EBA7C70}
		{BF426981-CDE1-4801-8061-1178D0939222} = {C3D5BE28-C939-4578-9A2A-42EE727DC629}
		{AAB3CB5D-F7FE-48A9-B336-8194CCD24D04} = {C3D5BE28-C939-4578-9A2A-42EE727DC629}
		{0741BCAA-4CCC-417F-A335-97B62C33588D} = {BF426981-CDE1-4801-8061-1178D0939222}
		{5255FEC1-8F78-452E-908F-36687E9A228F} = {AAB3CB5D-F7FE-48A9-B336-8194CCD24D04}
		{39164DA8-82A6-40C4-9EBD-0D4D65860D37} = {81A471FF-8A66-4CBD-80CE-C324C445C53F}
		{E8E06B64-E760-434E-BD49-83CBD1EC7B26} = {39164DA8-82A6-40C4-9EBD-0D4D65860D37}
		{7A4C24D6-45F8-42FA-BB69-1FDE074D277A} = {73AE09E7-A98D-4ED9-80E1-8FF9E4953CB0}
		{25E74831-5FBC-4B31-B815-E524DD895FEC} = {64D75877-1552-4409-B558-1C9AEB6E68D4}
		{6552FBDB-9A2A-4FE0-9A16-CB11E0A3A92F} = {25E74831-5FBC-4B31-B815-E524DD895FEC}
		{E4A4321D-3EF4-480D-8F06-EB72BDFDB2D3} = {6552FBDB-9A2A-4FE0-9A16-CB11E0A3A92F}
		{90163A7E-AD7E-4784-9D1D-0DEF9413D6DA} = {6552FBDB-9A2A-4FE0-9A16-CB11E0A3A92F}
		{29F50D96-06D6-4A46-B0EB-E9EBFE3FC14B} = {6552FBDB-9A2A-4FE0-9A16-CB11E0A3A92F}
		{B4031D23-A1A4-4E65-B40F-455FD1967BFF} = {E4A4321D-3EF4-480D-8F06-EB72BDFDB2D3}
		{38FA00A5-5129-4316-902C-71E81B7CEF3B} = {E4A4321D-3EF4-480D-8F06-EB72BDFDB2D3}
		{348A1BC1-11E0-4BB4-B15C-3E20A84B852B} = {90163A7E-AD7E-4784-9D1D-0DEF9413D6DA}
		{1CBC9666-3E84-4AC6-9689-09EFFF3FCFCF} = {29F50D96-06D6-4A46-B0EB-E9EBFE3FC14B}
		{F8CB180D-B8BF-449B-B0E6-315A439AF9F5} = {64D75877-1552-4409-B558-1C9AEB6E68D4}
		{4FB7ADAB-9E0D-4F84-9A66-3DD9F2F86289} = {F8CB180D-B8BF-449B-B0E6-315A439AF9F5}
	EndGlobalSection
	GlobalSection(ExtensibilityGlobals) = postSolution
		SolutionGuid = {9136B564-7BC2-4281-A08F-60FC78FF87DB}
	EndGlobalSection
EndGlobal
